{
  "pins" : [
    {
      "identity" : "swiftcbor",
      "kind" : "remoteSourceControl",
      "location" : "https://github.com/abhip2565/SwiftCBOR",
      "state" : {
        "revision" : "cc4e195a0ea2dce88f2fd6c6d73b2504e3c884fd",
        "version" : "0.5.0"
      }
    }
  ],
  "version" : 2
}
