{
  "originHash" : "f097fe74356f0ea8e69877bcb51530c360d5da50bfd86f7f2ce7b7f7f5695bfa",
  "pins" : [
    {
      "identity" : "inji-vci-client-ios-swift",
      "kind" : "remoteSourceControl",
      "location" : "https://github.com/mosip/inji-vci-client-ios-swift/",
      "state" : {
        "branch" : "develop",
        "revision" : "90ce45118a687c80587202d51067ca06de7de535"
      }
    },
    {
      "identity" : "swift-sodium",
      "kind" : "remoteSourceControl",
      "location" : "https://github.com/jedisct1/swift-sodium.git",
      "state" : {
        "revision" : "4f9164a0a2c9a6a7ff53a2833d54a5c79c957342",
        "version" : "0.9.1"
      }
    },
    {
      "identity" : "swiftcbor",
      "kind" : "remoteSourceControl",
      "location" : "https://github.com/valpackett/SwiftCBOR",
      "state" : {
        "revision" : "04ccff117f6549121d5721ec84fdf0162122b90e",
        "version" : "0.5.0"
      }
    }
  ],
  "version" : 3
}
